
Microsoft Visual Studio Solution File, Format Version 12.00
# Visual Studio Version 16
VisualStudioVersion = 16.0.29613.14
MinimumVisualStudioVersion = 10.0.40219.1
Project("{FAE04EC0-301F-11D3-BF4B-00C04F79EFBC}") = "FFEyeshot", "FFEyeshot\FFEyeshot.csproj", "{1AACB4A4-3CE9-494A-B04A-63F8556C7EAB}"
EndProject
Global
	GlobalSection(SolutionConfigurationPlatforms) = preSolution
		Debug|Any CPU = Debug|Any CPU
		Release|Any CPU = Release|Any CPU
	EndGlobalSection
	GlobalSection(ProjectConfigurationPlatforms) = postSolution
		{1AACB4A4-3CE9-494A-B04A-63F8556C7EAB}.Debug|Any CPU.ActiveCfg = Debug|Any CPU
		{1AACB4A4-3CE9-494A-B04A-63F8556C7EAB}.Debug|Any CPU.Build.0 = Debug|Any CPU
		{1AACB4A4-3CE9-494A-B04A-63F8556C7EAB}.Release|Any CPU.ActiveCfg = Release|Any CPU
		{1AACB4A4-3CE9-494A-B04A-63F8556C7EAB}.Release|Any CPU.Build.0 = Release|Any CPU
	EndGlobalSection
	GlobalSection(SolutionProperties) = preSolution
		HideSolutionNode = FALSE
	EndGlobalSection
	GlobalSection(ExtensibilityGlobals) = postSolution
		SolutionGuid = {F87657C3-104C-445F-B589-97157B99E113}
	EndGlobalSection
EndGlobal
